
Microsoft Visual Studio Solution File, Format Version 12.00
# Visual Studio Version 16
VisualStudioVersion = 25.0.1706.11
MinimumVisualStudioVersion = 10.0.40219.1
Project("{FAE04EC0-301F-11D3-BF4B-00C04F79EFBC}") = "ObjectDisposedSample", "ObjectDisposedSample\ObjectDisposedSample.csproj", "{DEF08DF1-7465-41DA-B17F-1377812EBAF6}"
EndProject
Global
	GlobalSection(SolutionConfigurationPlatforms) = preSolution
		Debug|Any CPU = Debug|Any CPU
		Release|Any CPU = Release|Any CPU
	EndGlobalSection
	GlobalSection(ProjectConfigurationPlatforms) = postSolution
		{DEF08DF1-7465-41DA-B17F-1377812EBAF6}.Debug|Any CPU.ActiveCfg = Debug|Any CPU
		{DEF08DF1-7465-41DA-B17F-1377812EBAF6}.Debug|Any CPU.Build.0 = Debug|Any CPU
		{DEF08DF1-7465-41DA-B17F-1377812EBAF6}.Release|Any CPU.ActiveCfg = Release|Any CPU
		{DEF08DF1-7465-41DA-B17F-1377812EBAF6}.Release|Any CPU.Build.0 = Release|Any CPU
	EndGlobalSection
	GlobalSection(SolutionProperties) = preSolution
		HideSolutionNode = FALSE
	EndGlobalSection
	GlobalSection(ExtensibilityGlobals) = postSolution
		SolutionGuid = {1232C82D-42D4-4171-B50E-3F6258F2A96A}
	EndGlobalSection
EndGlobal
